
Microsoft Visual Studio Solution File, Format Version 12.00
# Visual Studio Version 17
VisualStudioVersion = 17.7.34031.279
MinimumVisualStudioVersion = 10.0.40219.1
Project("{9A19103F-16F7-4668-BE54-9A1E7A4F7556}") = "LibreriaSXXI", "LibreriaSXXI\LibreriaSXXI.csproj", "{9F4F7370-58F6-4D3D-9ADA-8B5953C02407}"
EndProject
Global
	GlobalSection(SolutionConfigurationPlatforms) = preSolution
		Debug|Any CPU = Debug|Any CPU
		Release|Any CPU = Release|Any CPU
	EndGlobalSection
	GlobalSection(ProjectConfigurationPlatforms) = postSolution
		{9F4F7370-58F6-4D3D-9ADA-8B5953C02407}.Debug|Any CPU.ActiveCfg = Debug|Any CPU
		{9F4F7370-58F6-4D3D-9ADA-8B5953C02407}.Debug|Any CPU.Build.0 = Debug|Any CPU
		{9F4F7370-58F6-4D3D-9ADA-8B5953C02407}.Release|Any CPU.ActiveCfg = Release|Any CPU
		{9F4F7370-58F6-4D3D-9ADA-8B5953C02407}.Release|Any CPU.Build.0 = Release|Any CPU
	EndGlobalSection
	GlobalSection(SolutionProperties) = preSolution
		HideSolutionNode = FALSE
	EndGlobalSection
	GlobalSection(ExtensibilityGlobals) = postSolution
		SolutionGuid = {979BE4D3-8176-44A3-97A9-1679C35A301D}
	EndGlobalSection
EndGlobal
